// !$*UTF8*$!
{
	archiveVersion = 1;
	classes = {
	};
	objectVersion = 46;
	objects = {

/* Begin PBXBuildFile section */
		8292BCB4639B4C68BAF57CC3 /* libPods.a in Frameworks */ = {isa = PBXBuildFile; fileRef = A1D85F773F994A69BC6E0222 /* libPods.a */; };
		CB2769AB19771CC4002FB0E6 /* BigCircleView.m in Sources */ = {isa = PBXBuildFile; fileRef = CB2769AA19771CC4002FB0E6 /* BigCircleView.m */; };
		CB2769BA197A4214002FB0E6 /* TimeEntity.m in Sources */ = {isa = PBXBuildFile; fileRef = CB2769B9197A4214002FB0E6 /* TimeEntity.m */; };
		CB3729F119698DB1006CCC4E /* SearchTableViewCell.m in Sources */ = {isa = PBXBuildFile; fileRef = CB3729F019698DB1006CCC4E /* SearchTableViewCell.m */; };
		CB3729F31969B4B5006CCC4E /* MessageUI.framework in Frameworks */ = {isa = PBXBuildFile; fileRef = CB3729F21969B4B5006CCC4E /* MessageUI.framework */; };
		CB57BFCC196016440055978A /* Foundation.framework in Frameworks */ = {isa = PBXBuildFile; fileRef = CB57BFCB196016440055978A /* Foundation.framework */; };
		CB57BFCE196016440055978A /* CoreGraphics.framework in Frameworks */ = {isa = PBXBuildFile; fileRef = CB57BFCD196016440055978A /* CoreGraphics.framework */; };
		CB57BFD0196016440055978A /* UIKit.framework in Frameworks */ = {isa = PBXBuildFile; fileRef = CB57BFCF196016440055978A /* UIKit.framework */; };
		CB57BFD6196016440055978A /* InfoPlist.strings in Resources */ = {isa = PBXBuildFile; fileRef = CB57BFD4196016440055978A /* InfoPlist.strings */; };
		CB57BFD8196016440055978A /* main.m in Sources */ = {isa = PBXBuildFile; fileRef = CB57BFD7196016440055978A /* main.m */; };
		CB57BFDC196016440055978A /* MbAppDelegate.m in Sources */ = {isa = PBXBuildFile; fileRef = CB57BFDB196016440055978A /* MbAppDelegate.m */; };
		CB57BFE4196016440055978A /* Images.xcassets in Resources */ = {isa = PBXBuildFile; fileRef = CB57BFE3196016440055978A /* Images.xcassets */; };
		CB57BFEB196016440055978A /* XCTest.framework in Frameworks */ = {isa = PBXBuildFile; fileRef = CB57BFEA196016440055978A /* XCTest.framework */; };
		CB57BFEC196016440055978A /* Foundation.framework in Frameworks */ = {isa = PBXBuildFile; fileRef = CB57BFCB196016440055978A /* Foundation.framework */; };
		CB57BFED196016440055978A /* UIKit.framework in Frameworks */ = {isa = PBXBuildFile; fileRef = CB57BFCF196016440055978A /* UIKit.framework */; };
		CB57BFF5196016440055978A /* InfoPlist.strings in Resources */ = {isa = PBXBuildFile; fileRef = CB57BFF3196016440055978A /* InfoPlist.strings */; };
		CB57BFF7196016440055978A /* MetrobotTests.m in Sources */ = {isa = PBXBuildFile; fileRef = CB57BFF6196016440055978A /* MetrobotTests.m */; };
		CB57C00819601F840055978A /* MbAppearanceManager.m in Sources */ = {isa = PBXBuildFile; fileRef = CB57C00719601F840055978A /* MbAppearanceManager.m */; };
		CB57C00B19601FA50055978A /* LogService.m in Sources */ = {isa = PBXBuildFile; fileRef = CB57C00A19601FA50055978A /* LogService.m */; };
		CB57C00F19601FEA0055978A /* UIImage+ImageEffects.m in Sources */ = {isa = PBXBuildFile; fileRef = CB57C00E19601FEA0055978A /* UIImage+ImageEffects.m */; };
		CB7DD46B198E92EB006B6058 /* MyriadPro-Regular.otf in Resources */ = {isa = PBXBuildFile; fileRef = CB7DD46A198E92EB006B6058 /* MyriadPro-Regular.otf */; };
		CB7DD471198EC68B006B6058 /* InfoViewController.m in Sources */ = {isa = PBXBuildFile; fileRef = CB7DD470198EC68B006B6058 /* InfoViewController.m */; };
		CB7DD474198ED82C006B6058 /* PersonTableViewCell.m in Sources */ = {isa = PBXBuildFile; fileRef = CB7DD473198ED82C006B6058 /* PersonTableViewCell.m */; };
		CB9668AF1960A40F00EEC868 /* LocationViewController.m in Sources */ = {isa = PBXBuildFile; fileRef = CB9668AE1960A40F00EEC868 /* LocationViewController.m */; };
		CB9668B21960A42100EEC868 /* TimeViewController.m in Sources */ = {isa = PBXBuildFile; fileRef = CB9668B11960A42100EEC868 /* TimeViewController.m */; };
		CB9668B51960A66300EEC868 /* Crashlytics.framework in Frameworks */ = {isa = PBXBuildFile; fileRef = CB9668B41960A66200EEC868 /* Crashlytics.framework */; };
		CB9668B71960B0C700EEC868 /* MapKit.framework in Frameworks */ = {isa = PBXBuildFile; fileRef = CB9668B61960B0C700EEC868 /* MapKit.framework */; };
		CB9668C01960C22400EEC868 /* StationEntity.m in Sources */ = {isa = PBXBuildFile; fileRef = CB9668BF1960C22400EEC868 /* StationEntity.m */; };
		CB9668C31960C2C100EEC868 /* EntranceEntity.m in Sources */ = {isa = PBXBuildFile; fileRef = CB9668C21960C2C100EEC868 /* EntranceEntity.m */; };
		CB9668CE1961CE9700EEC868 /* BaseEntity.m in Sources */ = {isa = PBXBuildFile; fileRef = CB9668CD1961CE9700EEC868 /* BaseEntity.m */; };
		CB9668D21962132700EEC868 /* Mapbox.framework in Frameworks */ = {isa = PBXBuildFile; fileRef = CB9668D11962132700EEC868 /* Mapbox.framework */; };
		CB9668D41962135C00EEC868 /* CoreLocation.framework in Frameworks */ = {isa = PBXBuildFile; fileRef = CB9668D31962135B00EEC868 /* CoreLocation.framework */; };
		CB9668D61962136500EEC868 /* QuartzCore.framework in Frameworks */ = {isa = PBXBuildFile; fileRef = CB9668D51962136500EEC868 /* QuartzCore.framework */; };
		CB9668D81962137400EEC868 /* libsqlite3.dylib in Frameworks */ = {isa = PBXBuildFile; fileRef = CB9668D71962137400EEC868 /* libsqlite3.dylib */; };
		CB9668DA1962137E00EEC868 /* libz.dylib in Frameworks */ = {isa = PBXBuildFile; fileRef = CB9668D91962137E00EEC868 /* libz.dylib */; };
		CB9668DC1962140000EEC868 /* Mapbox.bundle in Resources */ = {isa = PBXBuildFile; fileRef = CB9668DB1962140000EEC868 /* Mapbox.bundle */; };
		CB9668F519633D3B00EEC868 /* DirectionsTableView.m in Sources */ = {isa = PBXBuildFile; fileRef = CB9668F419633D3B00EEC868 /* DirectionsTableView.m */; };
		CB9669071964A73600EEC868 /* metroStations.plist in Resources */ = {isa = PBXBuildFile; fileRef = CB9669021964A73600EEC868 /* metroStations.plist */; };
		CB9669081964A73600EEC868 /* testLocation.gpx in Resources */ = {isa = PBXBuildFile; fileRef = CB9669031964A73600EEC868 /* testLocation.gpx */; };
		CB96690C1964A7ED00EEC868 /* MuseoSans-500.otf in Resources */ = {isa = PBXBuildFile; fileRef = CB96690B1964A7E200EEC868 /* MuseoSans-500.otf */; };
		CB96690D1964A7EF00EEC868 /* MuseoSans-300.otf in Resources */ = {isa = PBXBuildFile; fileRef = CB96690A1964A7E200EEC868 /* MuseoSans-300.otf */; };
		CB96690E1964A7F200EEC868 /* MuseoSans-100.otf in Resources */ = {isa = PBXBuildFile; fileRef = CB9669091964A7E200EEC868 /* MuseoSans-100.otf */; };
		CB9669111964ACD800EEC868 /* DirectionsTableHeaderView.m in Sources */ = {isa = PBXBuildFile; fileRef = CB9669101964ACD800EEC868 /* DirectionsTableHeaderView.m */; };
		CB9669191967000C00EEC868 /* StationTitleView.m in Sources */ = {isa = PBXBuildFile; fileRef = CB9669181967000C00EEC868 /* StationTitleView.m */; };
		CB96691F1967FDDD00EEC868 /* DirectionTableViewCell.m in Sources */ = {isa = PBXBuildFile; fileRef = CB96691E1967FDDD00EEC868 /* DirectionTableViewCell.m */; };
		CBAC88B41969418E0099B47D /* SearchTableViewController.m in Sources */ = {isa = PBXBuildFile; fileRef = CBAC88B31969418E0099B47D /* SearchTableViewController.m */; };
		CBB62CD0198E308E009B7BF5 /* DACircularProgressView.m in Sources */ = {isa = PBXBuildFile; fileRef = CBB62CCF198E308E009B7BF5 /* DACircularProgressView.m */; };
		CBB62CD4198E6CFC009B7BF5 /* NextDeparturesView.m in Sources */ = {isa = PBXBuildFile; fileRef = CBB62CD3198E6CFC009B7BF5 /* NextDeparturesView.m */; };
		CBB62CD7198E757C009B7BF5 /* SmallCircleView.m in Sources */ = {isa = PBXBuildFile; fileRef = CBB62CD6198E757C009B7BF5 /* SmallCircleView.m */; };
		CBEA546E19A12687000DAB33 /* main.m in Sources */ = {isa = PBXBuildFile; fileRef = CB57BFD7196016440055978A /* main.m */; };
		CBEA546F19A12687000DAB33 /* TimeEntity.m in Sources */ = {isa = PBXBuildFile; fileRef = CB2769B9197A4214002FB0E6 /* TimeEntity.m */; };
		CBEA547019A12687000DAB33 /* BaseEntity.m in Sources */ = {isa = PBXBuildFile; fileRef = CB9668CD1961CE9700EEC868 /* BaseEntity.m */; };
		CBEA547119A12687000DAB33 /* StationEntity.m in Sources */ = {isa = PBXBuildFile; fileRef = CB9668BF1960C22400EEC868 /* StationEntity.m */; };
		CBEA547219A12687000DAB33 /* NextDeparturesView.m in Sources */ = {isa = PBXBuildFile; fileRef = CBB62CD3198E6CFC009B7BF5 /* NextDeparturesView.m */; };
		CBEA547319A12687000DAB33 /* DACircularProgressView.m in Sources */ = {isa = PBXBuildFile; fileRef = CBB62CCF198E308E009B7BF5 /* DACircularProgressView.m */; };
		CBEA547419A12687000DAB33 /* SearchTableViewController.m in Sources */ = {isa = PBXBuildFile; fileRef = CBAC88B31969418E0099B47D /* SearchTableViewController.m */; };
		CBEA547519A12687000DAB33 /* SmallCircleView.m in Sources */ = {isa = PBXBuildFile; fileRef = CBB62CD6198E757C009B7BF5 /* SmallCircleView.m */; };
		CBEA547619A12687000DAB33 /* DirectionsTableView.m in Sources */ = {isa = PBXBuildFile; fileRef = CB9668F419633D3B00EEC868 /* DirectionsTableView.m */; };
		CBEA547719A12687000DAB33 /* LocationViewController.m in Sources */ = {isa = PBXBuildFile; fileRef = CB9668AE1960A40F00EEC868 /* LocationViewController.m */; };
		CBEA547819A12687000DAB33 /* UIImage+ImageEffects.m in Sources */ = {isa = PBXBuildFile; fileRef = CB57C00E19601FEA0055978A /* UIImage+ImageEffects.m */; };
		CBEA547919A12687000DAB33 /* InfoViewController.m in Sources */ = {isa = PBXBuildFile; fileRef = CB7DD470198EC68B006B6058 /* InfoViewController.m */; };
		CBEA547A19A12687000DAB33 /* StationTitleView.m in Sources */ = {isa = PBXBuildFile; fileRef = CB9669181967000C00EEC868 /* StationTitleView.m */; };
		CBEA547B19A12687000DAB33 /* DirectionsTableHeaderView.m in Sources */ = {isa = PBXBuildFile; fileRef = CB9669101964ACD800EEC868 /* DirectionsTableHeaderView.m */; };
		CBEA547C19A12687000DAB33 /* PersonTableViewCell.m in Sources */ = {isa = PBXBuildFile; fileRef = CB7DD473198ED82C006B6058 /* PersonTableViewCell.m */; };
		CBEA547D19A12687000DAB33 /* SearchTableViewCell.m in Sources */ = {isa = PBXBuildFile; fileRef = CB3729F019698DB1006CCC4E /* SearchTableViewCell.m */; };
		CBEA547E19A12687000DAB33 /* BigCircleView.m in Sources */ = {isa = PBXBuildFile; fileRef = CB2769AA19771CC4002FB0E6 /* BigCircleView.m */; };
		CBEA547F19A12687000DAB33 /* MbAppearanceManager.m in Sources */ = {isa = PBXBuildFile; fileRef = CB57C00719601F840055978A /* MbAppearanceManager.m */; };
		CBEA548019A12687000DAB33 /* EntranceEntity.m in Sources */ = {isa = PBXBuildFile; fileRef = CB9668C21960C2C100EEC868 /* EntranceEntity.m */; };
		CBEA548119A12687000DAB33 /* LogService.m in Sources */ = {isa = PBXBuildFile; fileRef = CB57C00A19601FA50055978A /* LogService.m */; };
		CBEA548219A12687000DAB33 /* DirectionTableViewCell.m in Sources */ = {isa = PBXBuildFile; fileRef = CB96691E1967FDDD00EEC868 /* DirectionTableViewCell.m */; };
		CBEA548319A12687000DAB33 /* TimeViewController.m in Sources */ = {isa = PBXBuildFile; fileRef = CB9668B11960A42100EEC868 /* TimeViewController.m */; };
		CBEA548419A12687000DAB33 /* MbAppDelegate.m in Sources */ = {isa = PBXBuildFile; fileRef = CB57BFDB196016440055978A /* MbAppDelegate.m */; };
		CBEA548619A12687000DAB33 /* MessageUI.framework in Frameworks */ = {isa = PBXBuildFile; fileRef = CB3729F21969B4B5006CCC4E /* MessageUI.framework */; };
		CBEA548719A12687000DAB33 /* libz.dylib in Frameworks */ = {isa = PBXBuildFile; fileRef = CB9668D91962137E00EEC868 /* libz.dylib */; };
		CBEA548819A12687000DAB33 /* libsqlite3.dylib in Frameworks */ = {isa = PBXBuildFile; fileRef = CB9668D71962137400EEC868 /* libsqlite3.dylib */; };
		CBEA548919A12687000DAB33 /* QuartzCore.framework in Frameworks */ = {isa = PBXBuildFile; fileRef = CB9668D51962136500EEC868 /* QuartzCore.framework */; };
		CBEA548A19A12687000DAB33 /* CoreLocation.framework in Frameworks */ = {isa = PBXBuildFile; fileRef = CB9668D31962135B00EEC868 /* CoreLocation.framework */; };
		CBEA548B19A12687000DAB33 /* Mapbox.framework in Frameworks */ = {isa = PBXBuildFile; fileRef = CB9668D11962132700EEC868 /* Mapbox.framework */; };
		CBEA548C19A12687000DAB33 /* MapKit.framework in Frameworks */ = {isa = PBXBuildFile; fileRef = CB9668B61960B0C700EEC868 /* MapKit.framework */; };
		CBEA548D19A12687000DAB33 /* CoreGraphics.framework in Frameworks */ = {isa = PBXBuildFile; fileRef = CB57BFCD196016440055978A /* CoreGraphics.framework */; };
		CBEA548E19A12687000DAB33 /* Crashlytics.framework in Frameworks */ = {isa = PBXBuildFile; fileRef = CB9668B41960A66200EEC868 /* Crashlytics.framework */; };
		CBEA548F19A12687000DAB33 /* UIKit.framework in Frameworks */ = {isa = PBXBuildFile; fileRef = CB57BFCF196016440055978A /* UIKit.framework */; };
		CBEA549019A12687000DAB33 /* Foundation.framework in Frameworks */ = {isa = PBXBuildFile; fileRef = CB57BFCB196016440055978A /* Foundation.framework */; };
		CBEA549119A12687000DAB33 /* libPods.a in Frameworks */ = {isa = PBXBuildFile; fileRef = A1D85F773F994A69BC6E0222 /* libPods.a */; };
		CBEA549319A12687000DAB33 /* metroStations.plist in Resources */ = {isa = PBXBuildFile; fileRef = CB9669021964A73600EEC868 /* metroStations.plist */; };
		CBEA549419A12687000DAB33 /* Mapbox.bundle in Resources */ = {isa = PBXBuildFile; fileRef = CB9668DB1962140000EEC868 /* Mapbox.bundle */; };
		CBEA549519A12687000DAB33 /* MuseoSans-500.otf in Resources */ = {isa = PBXBuildFile; fileRef = CB96690B1964A7E200EEC868 /* MuseoSans-500.otf */; };
		CBEA549619A12687000DAB33 /* Images.xcassets in Resources */ = {isa = PBXBuildFile; fileRef = CB57BFE3196016440055978A /* Images.xcassets */; };
		CBEA549719A12687000DAB33 /* MuseoSans-100.otf in Resources */ = {isa = PBXBuildFile; fileRef = CB9669091964A7E200EEC868 /* MuseoSans-100.otf */; };
		CBEA549819A12687000DAB33 /* MuseoSans-300.otf in Resources */ = {isa = PBXBuildFile; fileRef = CB96690A1964A7E200EEC868 /* MuseoSans-300.otf */; };
		CBEA549919A12687000DAB33 /* MyriadPro-Regular.otf in Resources */ = {isa = PBXBuildFile; fileRef = CB7DD46A198E92EB006B6058 /* MyriadPro-Regular.otf */; };
		CBEA549A19A12687000DAB33 /* InfoPlist.strings in Resources */ = {isa = PBXBuildFile; fileRef = CB57BFD4196016440055978A /* InfoPlist.strings */; };
		CBEA549B19A12687000DAB33 /* testLocation.gpx in Resources */ = {isa = PBXBuildFile; fileRef = CB9669031964A73600EEC868 /* testLocation.gpx */; };
/* End PBXBuildFile section */

/* Begin PBXContainerItemProxy section */
		CB57BFEE196016440055978A /* PBXContainerItemProxy */ = {
			isa = PBXContainerItemProxy;
			containerPortal = CB57BFC0196016440055978A /* Project object */;
			proxyType = 1;
			remoteGlobalIDString = CB57BFC7196016440055978A;
			remoteInfo = Metrobot;
		};
/* End PBXContainerItemProxy section */

/* Begin PBXFileReference section */
		1E7D974A849B4C42BA570F4B /* Pods.xcconfig */ = {isa = PBXFileReference; includeInIndex = 1; lastKnownFileType = text.xcconfig; name = Pods.xcconfig; path = Pods/Pods.xcconfig; sourceTree = "<group>"; };
		A1D85F773F994A69BC6E0222 /* libPods.a */ = {isa = PBXFileReference; explicitFileType = archive.ar; includeInIndex = 0; path = libPods.a; sourceTree = BUILT_PRODUCTS_DIR; };
		CB2769A919771CC4002FB0E6 /* BigCircleView.h */ = {isa = PBXFileReference; fileEncoding = 4; lastKnownFileType = sourcecode.c.h; name = BigCircleView.h; path = Classes/BigCircleView.h; sourceTree = "<group>"; };
		CB2769AA19771CC4002FB0E6 /* BigCircleView.m */ = {isa = PBXFileReference; fileEncoding = 4; lastKnownFileType = sourcecode.c.objc; name = BigCircleView.m; path = Classes/BigCircleView.m; sourceTree = "<group>"; };
		CB2769B8197A4214002FB0E6 /* TimeEntity.h */ = {isa = PBXFileReference; fileEncoding = 4; lastKnownFileType = sourcecode.c.h; name = TimeEntity.h; path = Classes/TimeEntity.h; sourceTree = "<group>"; };
		CB2769B9197A4214002FB0E6 /* TimeEntity.m */ = {isa = PBXFileReference; fileEncoding = 4; lastKnownFileType = sourcecode.c.objc; name = TimeEntity.m; path = Classes/TimeEntity.m; sourceTree = "<group>"; };
		CB3729EF19698DB1006CCC4E /* SearchTableViewCell.h */ = {isa = PBXFileReference; fileEncoding = 4; lastKnownFileType = sourcecode.c.h; name = SearchTableViewCell.h; path = Classes/SearchTableViewCell.h; sourceTree = "<group>"; };
		CB3729F019698DB1006CCC4E /* SearchTableViewCell.m */ = {isa = PBXFileReference; fileEncoding = 4; lastKnownFileType = sourcecode.c.objc; name = SearchTableViewCell.m; path = Classes/SearchTableViewCell.m; sourceTree = "<group>"; };
		CB3729F21969B4B5006CCC4E /* MessageUI.framework */ = {isa = PBXFileReference; lastKnownFileType = wrapper.framework; name = MessageUI.framework; path = System/Library/Frameworks/MessageUI.framework; sourceTree = SDKROOT; };
		CB57BFC8196016440055978A /* Metrobot Production.app */ = {isa = PBXFileReference; explicitFileType = wrapper.application; includeInIndex = 0; path = "Metrobot Production.app"; sourceTree = BUILT_PRODUCTS_DIR; };
		CB57BFCB196016440055978A /* Foundation.framework */ = {isa = PBXFileReference; lastKnownFileType = wrapper.framework; name = Foundation.framework; path = System/Library/Frameworks/Foundation.framework; sourceTree = SDKROOT; };
		CB57BFCD196016440055978A /* CoreGraphics.framework */ = {isa = PBXFileReference; lastKnownFileType = wrapper.framework; name = CoreGraphics.framework; path = System/Library/Frameworks/CoreGraphics.framework; sourceTree = SDKROOT; };
		CB57BFCF196016440055978A /* UIKit.framework */ = {isa = PBXFileReference; lastKnownFileType = wrapper.framework; name = UIKit.framework; path = System/Library/Frameworks/UIKit.framework; sourceTree = SDKROOT; };
		CB57BFD3196016440055978A /* Metrobot-Info.plist */ = {isa = PBXFileReference; lastKnownFileType = text.plist.xml; path = "Metrobot-Info.plist"; sourceTree = "<group>"; };
		CB57BFD5196016440055978A /* en */ = {isa = PBXFileReference; lastKnownFileType = text.plist.strings; name = en; path = en.lproj/InfoPlist.strings; sourceTree = "<group>"; };
		CB57BFD7196016440055978A /* main.m */ = {isa = PBXFileReference; lastKnownFileType = sourcecode.c.objc; path = main.m; sourceTree = "<group>"; };
		CB57BFD9196016440055978A /* Metrobot-Prefix.pch */ = {isa = PBXFileReference; lastKnownFileType = sourcecode.c.h; path = "Metrobot-Prefix.pch"; sourceTree = "<group>"; };
		CB57BFDA196016440055978A /* MbAppDelegate.h */ = {isa = PBXFileReference; lastKnownFileType = sourcecode.c.h; path = MbAppDelegate.h; sourceTree = "<group>"; };
		CB57BFDB196016440055978A /* MbAppDelegate.m */ = {isa = PBXFileReference; lastKnownFileType = sourcecode.c.objc; path = MbAppDelegate.m; sourceTree = "<group>"; };
		CB57BFE3196016440055978A /* Images.xcassets */ = {isa = PBXFileReference; lastKnownFileType = folder.assetcatalog; path = Images.xcassets; sourceTree = "<group>"; };
		CB57BFE9196016440055978A /* MetrobotTests.xctest */ = {isa = PBXFileReference; explicitFileType = wrapper.cfbundle; includeInIndex = 0; path = MetrobotTests.xctest; sourceTree = BUILT_PRODUCTS_DIR; };
		CB57BFEA196016440055978A /* XCTest.framework */ = {isa = PBXFileReference; lastKnownFileType = wrapper.framework; name = XCTest.framework; path = Library/Frameworks/XCTest.framework; sourceTree = DEVELOPER_DIR; };
		CB57BFF2196016440055978A /* MetrobotTests-Info.plist */ = {isa = PBXFileReference; lastKnownFileType = text.plist.xml; path = "MetrobotTests-Info.plist"; sourceTree = "<group>"; };
		CB57BFF4196016440055978A /* en */ = {isa = PBXFileReference; lastKnownFileType = text.plist.strings; name = en; path = en.lproj/InfoPlist.strings; sourceTree = "<group>"; };
		CB57BFF6196016440055978A /* MetrobotTests.m */ = {isa = PBXFileReference; lastKnownFileType = sourcecode.c.objc; path = MetrobotTests.m; sourceTree = "<group>"; };
		CB57C00619601F840055978A /* MbAppearanceManager.h */ = {isa = PBXFileReference; fileEncoding = 4; lastKnownFileType = sourcecode.c.h; name = MbAppearanceManager.h; path = Classes/MbAppearanceManager.h; sourceTree = "<group>"; };
		CB57C00719601F840055978A /* MbAppearanceManager.m */ = {isa = PBXFileReference; fileEncoding = 4; lastKnownFileType = sourcecode.c.objc; name = MbAppearanceManager.m; path = Classes/MbAppearanceManager.m; sourceTree = "<group>"; };
		CB57C00919601FA50055978A /* LogService.h */ = {isa = PBXFileReference; fileEncoding = 4; lastKnownFileType = sourcecode.c.h; name = LogService.h; path = Classes/LogService.h; sourceTree = "<group>"; };
		CB57C00A19601FA50055978A /* LogService.m */ = {isa = PBXFileReference; fileEncoding = 4; lastKnownFileType = sourcecode.c.objc; name = LogService.m; path = Classes/LogService.m; sourceTree = "<group>"; };
		CB57C00D19601FEA0055978A /* UIImage+ImageEffects.h */ = {isa = PBXFileReference; fileEncoding = 4; lastKnownFileType = sourcecode.c.h; name = "UIImage+ImageEffects.h"; path = "Classes/UIImage+ImageEffects.h"; sourceTree = "<group>"; };
		CB57C00E19601FEA0055978A /* UIImage+ImageEffects.m */ = {isa = PBXFileReference; fileEncoding = 4; lastKnownFileType = sourcecode.c.objc; name = "UIImage+ImageEffects.m"; path = "Classes/UIImage+ImageEffects.m"; sourceTree = "<group>"; };
		CB57C0101960200A0055978A /* Macros.h */ = {isa = PBXFileReference; lastKnownFileType = sourcecode.c.h; name = Macros.h; path = Classes/Macros.h; sourceTree = "<group>"; };
		CB57C0111960201C0055978A /* Constants.h */ = {isa = PBXFileReference; lastKnownFileType = sourcecode.c.h; name = Constants.h; path = Classes/Constants.h; sourceTree = "<group>"; };
		CB7DD46A198E92EB006B6058 /* MyriadPro-Regular.otf */ = {isa = PBXFileReference; lastKnownFileType = file; name = "MyriadPro-Regular.otf"; path = "Data/MyriadPro-Regular.otf"; sourceTree = "<group>"; };
		CB7DD46F198EC68B006B6058 /* InfoViewController.h */ = {isa = PBXFileReference; fileEncoding = 4; lastKnownFileType = sourcecode.c.h; name = InfoViewController.h; path = Classes/InfoViewController.h; sourceTree = "<group>"; };
		CB7DD470198EC68B006B6058 /* InfoViewController.m */ = {isa = PBXFileReference; fileEncoding = 4; lastKnownFileType = sourcecode.c.objc; name = InfoViewController.m; path = Classes/InfoViewController.m; sourceTree = "<group>"; };
		CB7DD472198ED82C006B6058 /* PersonTableViewCell.h */ = {isa = PBXFileReference; fileEncoding = 4; lastKnownFileType = sourcecode.c.h; name = PersonTableViewCell.h; path = Classes/PersonTableViewCell.h; sourceTree = "<group>"; };
		CB7DD473198ED82C006B6058 /* PersonTableViewCell.m */ = {isa = PBXFileReference; fileEncoding = 4; lastKnownFileType = sourcecode.c.objc; name = PersonTableViewCell.m; path = Classes/PersonTableViewCell.m; sourceTree = "<group>"; };
		CB9668AD1960A40F00EEC868 /* LocationViewController.h */ = {isa = PBXFileReference; fileEncoding = 4; lastKnownFileType = sourcecode.c.h; name = LocationViewController.h; path = Classes/LocationViewController.h; sourceTree = "<group>"; };
		CB9668AE1960A40F00EEC868 /* LocationViewController.m */ = {isa = PBXFileReference; fileEncoding = 4; lastKnownFileType = sourcecode.c.objc; name = LocationViewController.m; path = Classes/LocationViewController.m; sourceTree = "<group>"; };
		CB9668B01960A42100EEC868 /* TimeViewController.h */ = {isa = PBXFileReference; fileEncoding = 4; lastKnownFileType = sourcecode.c.h; name = TimeViewController.h; path = Classes/TimeViewController.h; sourceTree = "<group>"; };
		CB9668B11960A42100EEC868 /* TimeViewController.m */ = {isa = PBXFileReference; fileEncoding = 4; lastKnownFileType = sourcecode.c.objc; name = TimeViewController.m; path = Classes/TimeViewController.m; sourceTree = "<group>"; };
		CB9668B41960A66200EEC868 /* Crashlytics.framework */ = {isa = PBXFileReference; lastKnownFileType = wrapper.framework; path = Crashlytics.framework; sourceTree = "<group>"; };
		CB9668B61960B0C700EEC868 /* MapKit.framework */ = {isa = PBXFileReference; lastKnownFileType = wrapper.framework; name = MapKit.framework; path = System/Library/Frameworks/MapKit.framework; sourceTree = SDKROOT; };
		CB9668BE1960C22400EEC868 /* StationEntity.h */ = {isa = PBXFileReference; fileEncoding = 4; lastKnownFileType = sourcecode.c.h; name = StationEntity.h; path = Classes/StationEntity.h; sourceTree = "<group>"; };
		CB9668BF1960C22400EEC868 /* StationEntity.m */ = {isa = PBXFileReference; fileEncoding = 4; lastKnownFileType = sourcecode.c.objc; name = StationEntity.m; path = Classes/StationEntity.m; sourceTree = "<group>"; };
		CB9668C11960C2C100EEC868 /* EntranceEntity.h */ = {isa = PBXFileReference; fileEncoding = 4; lastKnownFileType = sourcecode.c.h; name = EntranceEntity.h; path = Classes/EntranceEntity.h; sourceTree = "<group>"; };
		CB9668C21960C2C100EEC868 /* EntranceEntity.m */ = {isa = PBXFileReference; fileEncoding = 4; lastKnownFileType = sourcecode.c.objc; name = EntranceEntity.m; path = Classes/EntranceEntity.m; sourceTree = "<group>"; };
		CB9668CC1961CE9700EEC868 /* BaseEntity.h */ = {isa = PBXFileReference; fileEncoding = 4; lastKnownFileType = sourcecode.c.h; name = BaseEntity.h; path = Classes/BaseEntity.h; sourceTree = "<group>"; };
		CB9668CD1961CE9700EEC868 /* BaseEntity.m */ = {isa = PBXFileReference; fileEncoding = 4; lastKnownFileType = sourcecode.c.objc; name = BaseEntity.m; path = Classes/BaseEntity.m; sourceTree = "<group>"; };
		CB9668D11962132700EEC868 /* Mapbox.framework */ = {isa = PBXFileReference; lastKnownFileType = wrapper.framework; path = Mapbox.framework; sourceTree = "<group>"; };
		CB9668D31962135B00EEC868 /* CoreLocation.framework */ = {isa = PBXFileReference; lastKnownFileType = wrapper.framework; name = CoreLocation.framework; path = System/Library/Frameworks/CoreLocation.framework; sourceTree = SDKROOT; };
		CB9668D51962136500EEC868 /* QuartzCore.framework */ = {isa = PBXFileReference; lastKnownFileType = wrapper.framework; name = QuartzCore.framework; path = System/Library/Frameworks/QuartzCore.framework; sourceTree = SDKROOT; };
		CB9668D71962137400EEC868 /* libsqlite3.dylib */ = {isa = PBXFileReference; lastKnownFileType = "compiled.mach-o.dylib"; name = libsqlite3.dylib; path = usr/lib/libsqlite3.dylib; sourceTree = SDKROOT; };
		CB9668D91962137E00EEC868 /* libz.dylib */ = {isa = PBXFileReference; lastKnownFileType = "compiled.mach-o.dylib"; name = libz.dylib; path = usr/lib/libz.dylib; sourceTree = SDKROOT; };
		CB9668DB1962140000EEC868 /* Mapbox.bundle */ = {isa = PBXFileReference; lastKnownFileType = "wrapper.plug-in"; name = Mapbox.bundle; path = Mapbox.framework/Versions/A/Resources/Mapbox.bundle; sourceTree = SOURCE_ROOT; };
		CB9668F319633D3B00EEC868 /* DirectionsTableView.h */ = {isa = PBXFileReference; fileEncoding = 4; lastKnownFileType = sourcecode.c.h; name = DirectionsTableView.h; path = Classes/DirectionsTableView.h; sourceTree = "<group>"; };
		CB9668F419633D3B00EEC868 /* DirectionsTableView.m */ = {isa = PBXFileReference; fileEncoding = 4; lastKnownFileType = sourcecode.c.objc; name = DirectionsTableView.m; path = Classes/DirectionsTableView.m; sourceTree = "<group>"; };
		CB9669021964A73600EEC868 /* metroStations.plist */ = {isa = PBXFileReference; fileEncoding = 4; lastKnownFileType = text.plist.xml; name = metroStations.plist; path = Data/metroStations.plist; sourceTree = "<group>"; };
		CB9669031964A73600EEC868 /* testLocation.gpx */ = {isa = PBXFileReference; fileEncoding = 4; lastKnownFileType = text.xml; name = testLocation.gpx; path = Data/testLocation.gpx; sourceTree = "<group>"; };
		CB9669091964A7E200EEC868 /* MuseoSans-100.otf */ = {isa = PBXFileReference; lastKnownFileType = file; name = "MuseoSans-100.otf"; path = "Data/MuseoSans-100.otf"; sourceTree = "<group>"; };
		CB96690A1964A7E200EEC868 /* MuseoSans-300.otf */ = {isa = PBXFileReference; lastKnownFileType = file; name = "MuseoSans-300.otf"; path = "Data/MuseoSans-300.otf"; sourceTree = "<group>"; };
		CB96690B1964A7E200EEC868 /* MuseoSans-500.otf */ = {isa = PBXFileReference; lastKnownFileType = file; name = "MuseoSans-500.otf"; path = "Data/MuseoSans-500.otf"; sourceTree = "<group>"; };
		CB96690F1964ACD800EEC868 /* DirectionsTableHeaderView.h */ = {isa = PBXFileReference; fileEncoding = 4; lastKnownFileType = sourcecode.c.h; name = DirectionsTableHeaderView.h; path = Classes/DirectionsTableHeaderView.h; sourceTree = "<group>"; };
		CB9669101964ACD800EEC868 /* DirectionsTableHeaderView.m */ = {isa = PBXFileReference; fileEncoding = 4; lastKnownFileType = sourcecode.c.objc; name = DirectionsTableHeaderView.m; path = Classes/DirectionsTableHeaderView.m; sourceTree = "<group>"; };
		CB9669171967000C00EEC868 /* StationTitleView.h */ = {isa = PBXFileReference; fileEncoding = 4; lastKnownFileType = sourcecode.c.h; name = StationTitleView.h; path = Classes/StationTitleView.h; sourceTree = "<group>"; };
		CB9669181967000C00EEC868 /* StationTitleView.m */ = {isa = PBXFileReference; fileEncoding = 4; lastKnownFileType = sourcecode.c.objc; name = StationTitleView.m; path = Classes/StationTitleView.m; sourceTree = "<group>"; };
		CB96691D1967FDDD00EEC868 /* DirectionTableViewCell.h */ = {isa = PBXFileReference; fileEncoding = 4; lastKnownFileType = sourcecode.c.h; name = DirectionTableViewCell.h; path = Classes/DirectionTableViewCell.h; sourceTree = "<group>"; };
		CB96691E1967FDDD00EEC868 /* DirectionTableViewCell.m */ = {isa = PBXFileReference; fileEncoding = 4; lastKnownFileType = sourcecode.c.objc; name = DirectionTableViewCell.m; path = Classes/DirectionTableViewCell.m; sourceTree = "<group>"; };
		CBAC88B21969418E0099B47D /* SearchTableViewController.h */ = {isa = PBXFileReference; fileEncoding = 4; lastKnownFileType = sourcecode.c.h; name = SearchTableViewController.h; path = Classes/SearchTableViewController.h; sourceTree = "<group>"; };
		CBAC88B31969418E0099B47D /* SearchTableViewController.m */ = {isa = PBXFileReference; fileEncoding = 4; lastKnownFileType = sourcecode.c.objc; name = SearchTableViewController.m; path = Classes/SearchTableViewController.m; sourceTree = "<group>"; };
		CBB62CCE198E308E009B7BF5 /* DACircularProgressView.h */ = {isa = PBXFileReference; fileEncoding = 4; lastKnownFileType = sourcecode.c.h; name = DACircularProgressView.h; path = Classes/DACircularProgressView.h; sourceTree = "<group>"; };
		CBB62CCF198E308E009B7BF5 /* DACircularProgressView.m */ = {isa = PBXFileReference; fileEncoding = 4; lastKnownFileType = sourcecode.c.objc; name = DACircularProgressView.m; path = Classes/DACircularProgressView.m; sourceTree = "<group>"; };
		CBB62CD2198E6CFC009B7BF5 /* NextDeparturesView.h */ = {isa = PBXFileReference; fileEncoding = 4; lastKnownFileType = sourcecode.c.h; name = NextDeparturesView.h; path = Classes/NextDeparturesView.h; sourceTree = "<group>"; };
		CBB62CD3198E6CFC009B7BF5 /* NextDeparturesView.m */ = {isa = PBXFileReference; fileEncoding = 4; lastKnownFileType = sourcecode.c.objc; name = NextDeparturesView.m; path = Classes/NextDeparturesView.m; sourceTree = "<group>"; };
		CBB62CD5198E757C009B7BF5 /* SmallCircleView.h */ = {isa = PBXFileReference; fileEncoding = 4; lastKnownFileType = sourcecode.c.h; name = SmallCircleView.h; path = Classes/SmallCircleView.h; sourceTree = "<group>"; };
		CBB62CD6198E757C009B7BF5 /* SmallCircleView.m */ = {isa = PBXFileReference; fileEncoding = 4; lastKnownFileType = sourcecode.c.objc; name = SmallCircleView.m; path = Classes/SmallCircleView.m; sourceTree = "<group>"; };
		CBEA54A219A12687000DAB33 /* Metrobot.app */ = {isa = PBXFileReference; explicitFileType = wrapper.application; includeInIndex = 0; path = Metrobot.app; sourceTree = BUILT_PRODUCTS_DIR; };
		CBEA54A319A12687000DAB33 /* Metrobot copy-Info.plist */ = {isa = PBXFileReference; lastKnownFileType = text.plist.xml; name = "Metrobot copy-Info.plist"; path = "/Users/jakubvodak/Documents/Projects/Metrobot/v2/Metrobot copy-Info.plist"; sourceTree = "<absolute>"; };
/* End PBXFileReference section */

/* Begin PBXFrameworksBuildPhase section */
		CB57BFC5196016440055978A /* Frameworks */ = {
			isa = PBXFrameworksBuildPhase;
			buildActionMask = 2147483647;
			files = (
				CB3729F31969B4B5006CCC4E /* MessageUI.framework in Frameworks */,
				CB9668DA1962137E00EEC868 /* libz.dylib in Frameworks */,
				CB9668D81962137400EEC868 /* libsqlite3.dylib in Frameworks */,
				CB9668D61962136500EEC868 /* QuartzCore.framework in Frameworks */,
				CB9668D41962135C00EEC868 /* CoreLocation.framework in Frameworks */,
				CB9668D21962132700EEC868 /* Mapbox.framework in Frameworks */,
				CB9668B71960B0C700EEC868 /* MapKit.framework in Frameworks */,
				CB57BFCE196016440055978A /* CoreGraphics.framework in Frameworks */,
				CB9668B51960A66300EEC868 /* Crashlytics.framework in Frameworks */,
				CB57BFD0196016440055978A /* UIKit.framework in Frameworks */,
				CB57BFCC196016440055978A /* Foundation.framework in Frameworks */,
				8292BCB4639B4C68BAF57CC3 /* libPods.a in Frameworks */,
			);
			runOnlyForDeploymentPostprocessing = 0;
		};
		CB57BFE6196016440055978A /* Frameworks */ = {
			isa = PBXFrameworksBuildPhase;
			buildActionMask = 2147483647;
			files = (
				CB57BFEB196016440055978A /* XCTest.framework in Frameworks */,
				CB57BFED196016440055978A /* UIKit.framework in Frameworks */,
				CB57BFEC196016440055978A /* Foundation.framework in Frameworks */,
			);
			runOnlyForDeploymentPostprocessing = 0;
		};
		CBEA548519A12687000DAB33 /* Frameworks */ = {
			isa = PBXFrameworksBuildPhase;
			buildActionMask = 2147483647;
			files = (
				CBEA548619A12687000DAB33 /* MessageUI.framework in Frameworks */,
				CBEA548719A12687000DAB33 /* libz.dylib in Frameworks */,
				CBEA548819A12687000DAB33 /* libsqlite3.dylib in Frameworks */,
				CBEA548919A12687000DAB33 /* QuartzCore.framework in Frameworks */,
				CBEA548A19A12687000DAB33 /* CoreLocation.framework in Frameworks */,
				CBEA548B19A12687000DAB33 /* Mapbox.framework in Frameworks */,
				CBEA548C19A12687000DAB33 /* MapKit.framework in Frameworks */,
				CBEA548D19A12687000DAB33 /* CoreGraphics.framework in Frameworks */,
				CBEA548E19A12687000DAB33 /* Crashlytics.framework in Frameworks */,
				CBEA548F19A12687000DAB33 /* UIKit.framework in Frameworks */,
				CBEA549019A12687000DAB33 /* Foundation.framework in Frameworks */,
				CBEA549119A12687000DAB33 /* libPods.a in Frameworks */,
			);
			runOnlyForDeploymentPostprocessing = 0;
		};
/* End PBXFrameworksBuildPhase section */

/* Begin PBXGroup section */
		CB57BFBF196016440055978A = {
			isa = PBXGroup;
			children = (
				CB57BFD1196016440055978A /* Metrobot */,
				CB57BFF0196016440055978A /* MetrobotTests */,
				CB57BFCA196016440055978A /* Frameworks */,
				CB57BFC9196016440055978A /* Products */,
				1E7D974A849B4C42BA570F4B /* Pods.xcconfig */,
			);
			sourceTree = "<group>";
		};
		CB57BFC9196016440055978A /* Products */ = {
			isa = PBXGroup;
			children = (
				CB57BFC8196016440055978A /* Metrobot Production.app */,
				CB57BFE9196016440055978A /* MetrobotTests.xctest */,
				CBEA54A219A12687000DAB33 /* Metrobot.app */,
			);
			name = Products;
			sourceTree = "<group>";
		};
		CB57BFCA196016440055978A /* Frameworks */ = {
			isa = PBXGroup;
			children = (
				CB3729F21969B4B5006CCC4E /* MessageUI.framework */,
				CB9668D91962137E00EEC868 /* libz.dylib */,
				CB9668D71962137400EEC868 /* libsqlite3.dylib */,
				CB9668D51962136500EEC868 /* QuartzCore.framework */,
				CB9668D31962135B00EEC868 /* CoreLocation.framework */,
				CB9668D11962132700EEC868 /* Mapbox.framework */,
				CB9668B61960B0C700EEC868 /* MapKit.framework */,
				CB9668B41960A66200EEC868 /* Crashlytics.framework */,
				CB57BFCB196016440055978A /* Foundation.framework */,
				CB57BFCD196016440055978A /* CoreGraphics.framework */,
				CB57BFCF196016440055978A /* UIKit.framework */,
				CB57BFEA196016440055978A /* XCTest.framework */,
				A1D85F773F994A69BC6E0222 /* libPods.a */,
			);
			name = Frameworks;
			sourceTree = "<group>";
		};
		CB57BFD1196016440055978A /* Metrobot */ = {
			isa = PBXGroup;
			children = (
				CBB62CD1198E309C009B7BF5 /* Vendor */,
				CB57C00019601E560055978A /* Service */,
				CB57C00119601E660055978A /* Category */,
				CB57C00219601E6F0055978A /* Common */,
				CB57C00319601E740055978A /* Model */,
				CB57C00419601E790055978A /* View */,
				CB57C00519601E7E0055978A /* Controller */,
				CB57BFDA196016440055978A /* MbAppDelegate.h */,
				CB57BFDB196016440055978A /* MbAppDelegate.m */,
				CB57C00619601F840055978A /* MbAppearanceManager.h */,
				CB57C00719601F840055978A /* MbAppearanceManager.m */,
				CB57BFE3196016440055978A /* Images.xcassets */,
				CB57BFD2196016440055978A /* Supporting Files */,
			);
			path = Metrobot;
			sourceTree = "<group>";
		};
		CB57BFD2196016440055978A /* Supporting Files */ = {
			isa = PBXGroup;
			children = (
				CB9669091964A7E200EEC868 /* MuseoSans-100.otf */,
				CB96690A1964A7E200EEC868 /* MuseoSans-300.otf */,
				CB96690B1964A7E200EEC868 /* MuseoSans-500.otf */,
				CB7DD46A198E92EB006B6058 /* MyriadPro-Regular.otf */,
				CB9669021964A73600EEC868 /* metroStations.plist */,
				CB9669031964A73600EEC868 /* testLocation.gpx */,
				CB57BFD3196016440055978A /* Metrobot-Info.plist */,
				CB57BFD4196016440055978A /* InfoPlist.strings */,
				CBEA54A319A12687000DAB33 /* Metrobot copy-Info.plist */,
				CB57BFD7196016440055978A /* main.m */,
				CB57BFD9196016440055978A /* Metrobot-Prefix.pch */,
				CB9668DB1962140000EEC868 /* Mapbox.bundle */,
			);
			name = "Supporting Files";
			sourceTree = "<group>";
		};
		CB57BFF0196016440055978A /* MetrobotTests */ = {
			isa = PBXGroup;
			children = (
				CB57BFF6196016440055978A /* MetrobotTests.m */,
				CB57BFF1196016440055978A /* Supporting Files */,
			);
			path = MetrobotTests;
			sourceTree = "<group>";
		};
		CB57BFF1196016440055978A /* Supporting Files */ = {
			isa = PBXGroup;
			children = (
				CB57BFF2196016440055978A /* MetrobotTests-Info.plist */,
				CB57BFF3196016440055978A /* InfoPlist.strings */,
			);
			name = "Supporting Files";
			sourceTree = "<group>";
		};
		CB57C00019601E560055978A /* Service */ = {
			isa = PBXGroup;
			children = (
				CB57C00919601FA50055978A /* LogService.h */,
				CB57C00A19601FA50055978A /* LogService.m */,
			);
			name = Service;
			sourceTree = "<group>";
		};
		CB57C00119601E660055978A /* Category */ = {
			isa = PBXGroup;
			children = (
				CB57C00D19601FEA0055978A /* UIImage+ImageEffects.h */,
				CB57C00E19601FEA0055978A /* UIImage+ImageEffects.m */,
			);
			name = Category;
			sourceTree = "<group>";
		};
		CB57C00219601E6F0055978A /* Common */ = {
			isa = PBXGroup;
			children = (
				CB57C0101960200A0055978A /* Macros.h */,
				CB57C0111960201C0055978A /* Constants.h */,
			);
			name = Common;
			sourceTree = "<group>";
		};
		CB57C00319601E740055978A /* Model */ = {
			isa = PBXGroup;
			children = (
				CB9668CC1961CE9700EEC868 /* BaseEntity.h */,
				CB9668CD1961CE9700EEC868 /* BaseEntity.m */,
				CB9668BE1960C22400EEC868 /* StationEntity.h */,
				CB9668BF1960C22400EEC868 /* StationEntity.m */,
				CB9668C11960C2C100EEC868 /* EntranceEntity.h */,
				CB9668C21960C2C100EEC868 /* EntranceEntity.m */,
				CB2769B8197A4214002FB0E6 /* TimeEntity.h */,
				CB2769B9197A4214002FB0E6 /* TimeEntity.m */,
			);
			name = Model;
			sourceTree = "<group>";
		};
		CB57C00419601E790055978A /* View */ = {
			isa = PBXGroup;
			children = (
				CB9668F319633D3B00EEC868 /* DirectionsTableView.h */,
				CB9668F419633D3B00EEC868 /* DirectionsTableView.m */,
				CB96690F1964ACD800EEC868 /* DirectionsTableHeaderView.h */,
				CB9669101964ACD800EEC868 /* DirectionsTableHeaderView.m */,
				CB9669171967000C00EEC868 /* StationTitleView.h */,
				CB9669181967000C00EEC868 /* StationTitleView.m */,
				CB96691D1967FDDD00EEC868 /* DirectionTableViewCell.h */,
				CB96691E1967FDDD00EEC868 /* DirectionTableViewCell.m */,
				CB3729EF19698DB1006CCC4E /* SearchTableViewCell.h */,
				CB3729F019698DB1006CCC4E /* SearchTableViewCell.m */,
				CB2769A919771CC4002FB0E6 /* BigCircleView.h */,
				CB2769AA19771CC4002FB0E6 /* BigCircleView.m */,
				CBB62CD2198E6CFC009B7BF5 /* NextDeparturesView.h */,
				CBB62CD3198E6CFC009B7BF5 /* NextDeparturesView.m */,
				CBB62CD5198E757C009B7BF5 /* SmallCircleView.h */,
				CBB62CD6198E757C009B7BF5 /* SmallCircleView.m */,
				CB7DD472198ED82C006B6058 /* PersonTableViewCell.h */,
				CB7DD473198ED82C006B6058 /* PersonTableViewCell.m */,
			);
			name = View;
			sourceTree = "<group>";
		};
		CB57C00519601E7E0055978A /* Controller */ = {
			isa = PBXGroup;
			children = (
				CB9668AD1960A40F00EEC868 /* LocationViewController.h */,
				CB9668AE1960A40F00EEC868 /* LocationViewController.m */,
				CB9668B01960A42100EEC868 /* TimeViewController.h */,
				CB9668B11960A42100EEC868 /* TimeViewController.m */,
				CBAC88B21969418E0099B47D /* SearchTableViewController.h */,
				CBAC88B31969418E0099B47D /* SearchTableViewController.m */,
				CB7DD46F198EC68B006B6058 /* InfoViewController.h */,
				CB7DD470198EC68B006B6058 /* InfoViewController.m */,
			);
			name = Controller;
			sourceTree = "<group>";
		};
		CBB62CD1198E309C009B7BF5 /* Vendor */ = {
			isa = PBXGroup;
			children = (
				CBB62CCE198E308E009B7BF5 /* DACircularProgressView.h */,
				CBB62CCF198E308E009B7BF5 /* DACircularProgressView.m */,
			);
			name = Vendor;
			sourceTree = "<group>";
		};
/* End PBXGroup section */

/* Begin PBXNativeTarget section */
		CB57BFC7196016440055978A /* Metrobot Production */ = {
			isa = PBXNativeTarget;
			buildConfigurationList = CB57BFFA196016440055978A /* Build configuration list for PBXNativeTarget "Metrobot Production" */;
			buildPhases = (
				47315725AF7B4C77B46AE97B /* Check Pods Manifest.lock */,
				CB57BFC4196016440055978A /* Sources */,
				CB57BFC5196016440055978A /* Frameworks */,
				CB57BFC6196016440055978A /* Resources */,
				2A3C14BBABB446988FEA4872 /* Copy Pods Resources */,
				CB9668B31960A64100EEC868 /* ShellScript */,
				CBD2C3F3199CECD300158262 /* ShellScript */,
			);
			buildRules = (
			);
			dependencies = (
			);
			name = "Metrobot Production";
			productName = Metrobot;
			productReference = CB57BFC8196016440055978A /* Metrobot Production.app */;
			productType = "com.apple.product-type.application";
		};
		CB57BFE8196016440055978A /* MetrobotTests */ = {
			isa = PBXNativeTarget;
			buildConfigurationList = CB57BFFD196016440055978A /* Build configuration list for PBXNativeTarget "MetrobotTests" */;
			buildPhases = (
				CB57BFE5196016440055978A /* Sources */,
				CB57BFE6196016440055978A /* Frameworks */,
				CB57BFE7196016440055978A /* Resources */,
			);
			buildRules = (
			);
			dependencies = (
				CB57BFEF196016440055978A /* PBXTargetDependency */,
			);
			name = MetrobotTests;
			productName = MetrobotTests;
			productReference = CB57BFE9196016440055978A /* MetrobotTests.xctest */;
			productType = "com.apple.product-type.bundle.unit-test";
		};
		CBEA546B19A12687000DAB33 /* Metrobot Dev */ = {
			isa = PBXNativeTarget;
			buildConfigurationList = CBEA549F19A12687000DAB33 /* Build configuration list for PBXNativeTarget "Metrobot Dev" */;
			buildPhases = (
				CBEA546C19A12687000DAB33 /* Check Pods Manifest.lock */,
				CBEA546D19A12687000DAB33 /* Sources */,
				CBEA548519A12687000DAB33 /* Frameworks */,
				CBEA549219A12687000DAB33 /* Resources */,
				CBEA549C19A12687000DAB33 /* Copy Pods Resources */,
				CBEA549D19A12687000DAB33 /* ShellScript */,
				CBEA549E19A12687000DAB33 /* ShellScript */,
			);
			buildRules = (
			);
			dependencies = (
			);
			name = "Metrobot Dev";
			productName = Metrobot;
			productReference = CBEA54A219A12687000DAB33 /* Metrobot.app */;
			productType = "com.apple.product-type.application";
		};
/* End PBXNativeTarget section */

/* Begin PBXProject section */
		CB57BFC0196016440055978A /* Project object */ = {
			isa = PBXProject;
			attributes = {
				CLASSPREFIX = Mb;
				LastUpgradeCheck = 0510;
				ORGANIZATIONNAME = uLikeIT;
				TargetAttributes = {
					CB57BFC7196016440055978A = {
						DevelopmentTeam = 9E7QF645NB;
					};
					CB57BFE8196016440055978A = {
						TestTargetID = CB57BFC7196016440055978A;
					};
					CBEA546B19A12687000DAB33 = {
						DevelopmentTeam = D6532TRNCE;
					};
				};
			};
			buildConfigurationList = CB57BFC3196016440055978A /* Build configuration list for PBXProject "Metrobot" */;
			compatibilityVersion = "Xcode 3.2";
			developmentRegion = English;
			hasScannedForEncodings = 0;
			knownRegions = (
				en,
				Base,
			);
			mainGroup = CB57BFBF196016440055978A;
			productRefGroup = CB57BFC9196016440055978A /* Products */;
			projectDirPath = "";
			projectRoot = "";
			targets = (
				CB57BFC7196016440055978A /* Metrobot Production */,
				CBEA546B19A12687000DAB33 /* Metrobot Dev */,
				CB57BFE8196016440055978A /* MetrobotTests */,
			);
		};
/* End PBXProject section */

/* Begin PBXResourcesBuildPhase section */
		CB57BFC6196016440055978A /* Resources */ = {
			isa = PBXResourcesBuildPhase;
			buildActionMask = 2147483647;
			files = (
				CB9669071964A73600EEC868 /* metroStations.plist in Resources */,
				CB9668DC1962140000EEC868 /* Mapbox.bundle in Resources */,
				CB96690C1964A7ED00EEC868 /* MuseoSans-500.otf in Resources */,
				CB57BFE4196016440055978A /* Images.xcassets in Resources */,
				CB96690E1964A7F200EEC868 /* MuseoSans-100.otf in Resources */,
				CB96690D1964A7EF00EEC868 /* MuseoSans-300.otf in Resources */,
				CB7DD46B198E92EB006B6058 /* MyriadPro-Regular.otf in Resources */,
				CB57BFD6196016440055978A /* InfoPlist.strings in Resources */,
				CB9669081964A73600EEC868 /* testLocation.gpx in Resources */,
			);
			runOnlyForDeploymentPostprocessing = 0;
		};
		CB57BFE7196016440055978A /* Resources */ = {
			isa = PBXResourcesBuildPhase;
			buildActionMask = 2147483647;
			files = (
				CB57BFF5196016440055978A /* InfoPlist.strings in Resources */,
			);
			runOnlyForDeploymentPostprocessing = 0;
		};
		CBEA549219A12687000DAB33 /* Resources */ = {
			isa = PBXResourcesBuildPhase;
			buildActionMask = 2147483647;
			files = (
				CBEA549319A12687000DAB33 /* metroStations.plist in Resources */,
				CBEA549419A12687000DAB33 /* Mapbox.bundle in Resources */,
				CBEA549519A12687000DAB33 /* MuseoSans-500.otf in Resources */,
				CBEA549619A12687000DAB33 /* Images.xcassets in Resources */,
				CBEA549719A12687000DAB33 /* MuseoSans-100.otf in Resources */,
				CBEA549819A12687000DAB33 /* MuseoSans-300.otf in Resources */,
				CBEA549919A12687000DAB33 /* MyriadPro-Regular.otf in Resources */,
				CBEA549A19A12687000DAB33 /* InfoPlist.strings in Resources */,
				CBEA549B19A12687000DAB33 /* testLocation.gpx in Resources */,
			);
			runOnlyForDeploymentPostprocessing = 0;
		};
/* End PBXResourcesBuildPhase section */

/* Begin PBXShellScriptBuildPhase section */
		2A3C14BBABB446988FEA4872 /* Copy Pods Resources */ = {
			isa = PBXShellScriptBuildPhase;
			buildActionMask = 2147483647;
			files = (
			);
			inputPaths = (
			);
			name = "Copy Pods Resources";
			outputPaths = (
			);
			runOnlyForDeploymentPostprocessing = 0;
			shellPath = /bin/sh;
			shellScript = "\"${SRCROOT}/Pods/Pods-resources.sh\"\n";
			showEnvVarsInLog = 0;
		};
		47315725AF7B4C77B46AE97B /* Check Pods Manifest.lock */ = {
			isa = PBXShellScriptBuildPhase;
			buildActionMask = 2147483647;
			files = (
			);
			inputPaths = (
			);
			name = "Check Pods Manifest.lock";
			outputPaths = (
			);
			runOnlyForDeploymentPostprocessing = 0;
			shellPath = /bin/sh;
			shellScript = "diff \"${PODS_ROOT}/../Podfile.lock\" \"${PODS_ROOT}/Manifest.lock\" > /dev/null\nif [[ $? != 0 ]] ; then\n    cat << EOM\nerror: The sandbox is not in sync with the Podfile.lock. Run 'pod install' or update your CocoaPods installation.\nEOM\n    exit 1\nfi\n";
			showEnvVarsInLog = 0;
		};
		CB9668B31960A64100EEC868 /* ShellScript */ = {
			isa = PBXShellScriptBuildPhase;
			buildActionMask = 2147483647;
			files = (
			);
			inputPaths = (
			);
			outputPaths = (
			);
			runOnlyForDeploymentPostprocessing = 0;
			shellPath = /bin/sh;
			shellScript = "./Crashlytics.framework/run 6a2c06aa6bfac2826abdd4be36988a3124a1f00b faea1823b0440003f02cbf4e39d99737d513e42558a4bbb8eb234cae9af85966";
		};
		CBD2C3F3199CECD300158262 /* ShellScript */ = {
			isa = PBXShellScriptBuildPhase;
			buildActionMask = 2147483647;
			files = (
			);
			inputPaths = (
			);
			outputPaths = (
			);
			runOnlyForDeploymentPostprocessing = 0;
			shellPath = /bin/sh;
			shellScript = "FILE=\"${SRCROOT}/HockeySDK-iOS/BuildAgent\"\nif [ -f \"$FILE\" ]; then\n\"$FILE\"\nfi";
			showEnvVarsInLog = 0;
		};
		CBEA546C19A12687000DAB33 /* Check Pods Manifest.lock */ = {
			isa = PBXShellScriptBuildPhase;
			buildActionMask = 2147483647;
			files = (
			);
			inputPaths = (
			);
			name = "Check Pods Manifest.lock";
			outputPaths = (
			);
			runOnlyForDeploymentPostprocessing = 0;
			shellPath = /bin/sh;
			shellScript = "diff \"${PODS_ROOT}/../Podfile.lock\" \"${PODS_ROOT}/Manifest.lock\" > /dev/null\nif [[ $? != 0 ]] ; then\n    cat << EOM\nerror: The sandbox is not in sync with the Podfile.lock. Run 'pod install' or update your CocoaPods installation.\nEOM\n    exit 1\nfi\n";
			showEnvVarsInLog = 0;
		};
		CBEA549C19A12687000DAB33 /* Copy Pods Resources */ = {
			isa = PBXShellScriptBuildPhase;
			buildActionMask = 2147483647;
			files = (
			);
			inputPaths = (
			);
			name = "Copy Pods Resources";
			outputPaths = (
			);
			runOnlyForDeploymentPostprocessing = 0;
			shellPath = /bin/sh;
			shellScript = "\"${SRCROOT}/Pods/Pods-resources.sh\"\n";
			showEnvVarsInLog = 0;
		};
		CBEA549D19A12687000DAB33 /* ShellScript */ = {
			isa = PBXShellScriptBuildPhase;
			buildActionMask = 2147483647;
			files = (
			);
			inputPaths = (
			);
			outputPaths = (
			);
			runOnlyForDeploymentPostprocessing = 0;
			shellPath = /bin/sh;
			shellScript = "./Crashlytics.framework/run 6a2c06aa6bfac2826abdd4be36988a3124a1f00b faea1823b0440003f02cbf4e39d99737d513e42558a4bbb8eb234cae9af85966";
		};
		CBEA549E19A12687000DAB33 /* ShellScript */ = {
			isa = PBXShellScriptBuildPhase;
			buildActionMask = 2147483647;
			files = (
			);
			inputPaths = (
			);
			outputPaths = (
			);
			runOnlyForDeploymentPostprocessing = 0;
			shellPath = /bin/sh;
			shellScript = "FILE=\"${SRCROOT}/HockeySDK-iOS/BuildAgent\"\nif [ -f \"$FILE\" ]; then\n\"$FILE\"\nfi";
			showEnvVarsInLog = 0;
		};
/* End PBXShellScriptBuildPhase section */

/* Begin PBXSourcesBuildPhase section */
		CB57BFC4196016440055978A /* Sources */ = {
			isa = PBXSourcesBuildPhase;
			buildActionMask = 2147483647;
			files = (
				CB57BFD8196016440055978A /* main.m in Sources */,
				CB2769BA197A4214002FB0E6 /* TimeEntity.m in Sources */,
				CB9668CE1961CE9700EEC868 /* BaseEntity.m in Sources */,
				CB9668C01960C22400EEC868 /* StationEntity.m in Sources */,
				CBB62CD4198E6CFC009B7BF5 /* NextDeparturesView.m in Sources */,
				CBB62CD0198E308E009B7BF5 /* DACircularProgressView.m in Sources */,
				CBAC88B41969418E0099B47D /* SearchTableViewController.m in Sources */,
				CBB62CD7198E757C009B7BF5 /* SmallCircleView.m in Sources */,
				CB9668F519633D3B00EEC868 /* DirectionsTableView.m in Sources */,
				CB9668AF1960A40F00EEC868 /* LocationViewController.m in Sources */,
				CB57C00F19601FEA0055978A /* UIImage+ImageEffects.m in Sources */,
				CB7DD471198EC68B006B6058 /* InfoViewController.m in Sources */,
				CB9669191967000C00EEC868 /* StationTitleView.m in Sources */,
				CB9669111964ACD800EEC868 /* DirectionsTableHeaderView.m in Sources */,
				CB7DD474198ED82C006B6058 /* PersonTableViewCell.m in Sources */,
				CB3729F119698DB1006CCC4E /* SearchTableViewCell.m in Sources */,
				CB2769AB19771CC4002FB0E6 /* BigCircleView.m in Sources */,
				CB57C00819601F840055978A /* MbAppearanceManager.m in Sources */,
				CB9668C31960C2C100EEC868 /* EntranceEntity.m in Sources */,
				CB57C00B19601FA50055978A /* LogService.m in Sources */,
				CB96691F1967FDDD00EEC868 /* DirectionTableViewCell.m in Sources */,
				CB9668B21960A42100EEC868 /* TimeViewController.m in Sources */,
				CB57BFDC196016440055978A /* MbAppDelegate.m in Sources */,
			);
			runOnlyForDeploymentPostprocessing = 0;
		};
		CB57BFE5196016440055978A /* Sources */ = {
			isa = PBXSourcesBuildPhase;
			buildActionMask = 2147483647;
			files = (
				CB57BFF7196016440055978A /* MetrobotTests.m in Sources */,
			);
			runOnlyForDeploymentPostprocessing = 0;
		};
		CBEA546D19A12687000DAB33 /* Sources */ = {
			isa = PBXSourcesBuildPhase;
			buildActionMask = 2147483647;
			files = (
				CBEA546E19A12687000DAB33 /* main.m in Sources */,
				CBEA546F19A12687000DAB33 /* TimeEntity.m in Sources */,
				CBEA547019A12687000DAB33 /* BaseEntity.m in Sources */,
				CBEA547119A12687000DAB33 /* StationEntity.m in Sources */,
				CBEA547219A12687000DAB33 /* NextDeparturesView.m in Sources */,
				CBEA547319A12687000DAB33 /* DACircularProgressView.m in Sources */,
				CBEA547419A12687000DAB33 /* SearchTableViewController.m in Sources */,
				CBEA547519A12687000DAB33 /* SmallCircleView.m in Sources */,
				CBEA547619A12687000DAB33 /* DirectionsTableView.m in Sources */,
				CBEA547719A12687000DAB33 /* LocationViewController.m in Sources */,
				CBEA547819A12687000DAB33 /* UIImage+ImageEffects.m in Sources */,
				CBEA547919A12687000DAB33 /* InfoViewController.m in Sources */,
				CBEA547A19A12687000DAB33 /* StationTitleView.m in Sources */,
				CBEA547B19A12687000DAB33 /* DirectionsTableHeaderView.m in Sources */,
				CBEA547C19A12687000DAB33 /* PersonTableViewCell.m in Sources */,
				CBEA547D19A12687000DAB33 /* SearchTableViewCell.m in Sources */,
				CBEA547E19A12687000DAB33 /* BigCircleView.m in Sources */,
				CBEA547F19A12687000DAB33 /* MbAppearanceManager.m in Sources */,
				CBEA548019A12687000DAB33 /* EntranceEntity.m in Sources */,
				CBEA548119A12687000DAB33 /* LogService.m in Sources */,
				CBEA548219A12687000DAB33 /* DirectionTableViewCell.m in Sources */,
				CBEA548319A12687000DAB33 /* TimeViewController.m in Sources */,
				CBEA548419A12687000DAB33 /* MbAppDelegate.m in Sources */,
			);
			runOnlyForDeploymentPostprocessing = 0;
		};
/* End PBXSourcesBuildPhase section */

/* Begin PBXTargetDependency section */
		CB57BFEF196016440055978A /* PBXTargetDependency */ = {
			isa = PBXTargetDependency;
			target = CB57BFC7196016440055978A /* Metrobot Production */;
			targetProxy = CB57BFEE196016440055978A /* PBXContainerItemProxy */;
		};
/* End PBXTargetDependency section */

/* Begin PBXVariantGroup section */
		CB57BFD4196016440055978A /* InfoPlist.strings */ = {
			isa = PBXVariantGroup;
			children = (
				CB57BFD5196016440055978A /* en */,
			);
			name = InfoPlist.strings;
			sourceTree = "<group>";
		};
		CB57BFF3196016440055978A /* InfoPlist.strings */ = {
			isa = PBXVariantGroup;
			children = (
				CB57BFF4196016440055978A /* en */,
			);
			name = InfoPlist.strings;
			sourceTree = "<group>";
		};
/* End PBXVariantGroup section */

/* Begin XCBuildConfiguration section */
		CB57BFF8196016440055978A /* Debug */ = {
			isa = XCBuildConfiguration;
			buildSettings = {
				ALWAYS_SEARCH_USER_PATHS = NO;
				CLANG_CXX_LANGUAGE_STANDARD = "gnu++0x";
				CLANG_CXX_LIBRARY = "libc++";
				CLANG_ENABLE_MODULES = YES;
				CLANG_ENABLE_OBJC_ARC = YES;
				CLANG_WARN_BOOL_CONVERSION = YES;
				CLANG_WARN_CONSTANT_CONVERSION = YES;
				CLANG_WARN_DIRECT_OBJC_ISA_USAGE = YES_ERROR;
				CLANG_WARN_EMPTY_BODY = YES;
				CLANG_WARN_ENUM_CONVERSION = YES;
				CLANG_WARN_INT_CONVERSION = YES;
				CLANG_WARN_OBJC_ROOT_CLASS = YES_ERROR;
				CLANG_WARN__DUPLICATE_METHOD_MATCH = YES;
				"CODE_SIGN_IDENTITY[sdk=iphoneos*]" = "iPhone Developer";
				COPY_PHASE_STRIP = NO;
				GCC_C_LANGUAGE_STANDARD = gnu99;
				GCC_DYNAMIC_NO_PIC = NO;
				GCC_OPTIMIZATION_LEVEL = 0;
				GCC_PREPROCESSOR_DEFINITIONS = (
					"DEBUG=1",
					"$(inherited)",
				);
				GCC_SYMBOLS_PRIVATE_EXTERN = NO;
				GCC_WARN_64_TO_32_BIT_CONVERSION = YES;
				GCC_WARN_ABOUT_RETURN_TYPE = YES_ERROR;
				GCC_WARN_UNDECLARED_SELECTOR = YES;
				GCC_WARN_UNINITIALIZED_AUTOS = YES_AGGRESSIVE;
				GCC_WARN_UNUSED_FUNCTION = YES;
				GCC_WARN_UNUSED_VARIABLE = YES;
				IPHONEOS_DEPLOYMENT_TARGET = 7.1;
				ONLY_ACTIVE_ARCH = YES;
				SDKROOT = iphoneos;
			};
			name = Debug;
		};
		CB57BFF9196016440055978A /* Release */ = {
			isa = XCBuildConfiguration;
			buildSettings = {
				ALWAYS_SEARCH_USER_PATHS = NO;
				CLANG_CXX_LANGUAGE_STANDARD = "gnu++0x";
				CLANG_CXX_LIBRARY = "libc++";
				CLANG_ENABLE_MODULES = YES;
				CLANG_ENABLE_OBJC_ARC = YES;
				CLANG_WARN_BOOL_CONVERSION = YES;
				CLANG_WARN_CONSTANT_CONVERSION = YES;
				CLANG_WARN_DIRECT_OBJC_ISA_USAGE = YES_ERROR;
				CLANG_WARN_EMPTY_BODY = YES;
				CLANG_WARN_ENUM_CONVERSION = YES;
				CLANG_WARN_INT_CONVERSION = YES;
				CLANG_WARN_OBJC_ROOT_CLASS = YES_ERROR;
				CLANG_WARN__DUPLICATE_METHOD_MATCH = YES;
				"CODE_SIGN_IDENTITY[sdk=iphoneos*]" = "iPhone Developer";
				COPY_PHASE_STRIP = YES;
				ENABLE_NS_ASSERTIONS = NO;
				GCC_C_LANGUAGE_STANDARD = gnu99;
				GCC_WARN_64_TO_32_BIT_CONVERSION = YES;
				GCC_WARN_ABOUT_RETURN_TYPE = YES_ERROR;
				GCC_WARN_UNDECLARED_SELECTOR = YES;
				GCC_WARN_UNINITIALIZED_AUTOS = YES_AGGRESSIVE;
				GCC_WARN_UNUSED_FUNCTION = YES;
				GCC_WARN_UNUSED_VARIABLE = YES;
				IPHONEOS_DEPLOYMENT_TARGET = 7.1;
				SDKROOT = iphoneos;
				VALIDATE_PRODUCT = YES;
			};
			name = Release;
		};
		CB57BFFB196016440055978A /* Debug */ = {
			isa = XCBuildConfiguration;
			baseConfigurationReference = 1E7D974A849B4C42BA570F4B /* Pods.xcconfig */;
			buildSettings = {
				ASSETCATALOG_COMPILER_APPICON_NAME = AppIcon;
				ASSETCATALOG_COMPILER_LAUNCHIMAGE_NAME = LaunchImage;
				CODE_SIGN_IDENTITY = "";
				"CODE_SIGN_IDENTITY[sdk=iphoneos*]" = "";
				FRAMEWORK_SEARCH_PATHS = (
					"$(inherited)",
					"$(PROJECT_DIR)",
				);
				GCC_PRECOMPILE_PREFIX_HEADER = YES;
				GCC_PREFIX_HEADER = "Metrobot/Metrobot-Prefix.pch";
				INFOPLIST_FILE = "Metrobot/Metrobot-Info.plist";
				PRODUCT_NAME = "$(TARGET_NAME)";
				PROVISIONING_PROFILE = "10b880e0-8d58-4deb-81c3-d9cf3cdc4e9a";
				WRAPPER_EXTENSION = app;
			};
			name = Debug;
		};
		CB57BFFC196016440055978A /* Release */ = {
			isa = XCBuildConfiguration;
			baseConfigurationReference = 1E7D974A849B4C42BA570F4B /* Pods.xcconfig */;
			buildSettings = {
				ASSETCATALOG_COMPILER_APPICON_NAME = AppIcon;
				ASSETCATALOG_COMPILER_LAUNCHIMAGE_NAME = LaunchImage;
				CODE_SIGN_IDENTITY = "";
				"CODE_SIGN_IDENTITY[sdk=iphoneos*]" = "";
				FRAMEWORK_SEARCH_PATHS = (
					"$(inherited)",
					"$(PROJECT_DIR)",
				);
				GCC_PRECOMPILE_PREFIX_HEADER = YES;
				GCC_PREFIX_HEADER = "Metrobot/Metrobot-Prefix.pch";
				INFOPLIST_FILE = "Metrobot/Metrobot-Info.plist";
				PRODUCT_NAME = "$(TARGET_NAME)";
				PROVISIONING_PROFILE = "10b880e0-8d58-4deb-81c3-d9cf3cdc4e9a";
				WRAPPER_EXTENSION = app;
			};
			name = Release;
		};
		CB57BFFE196016440055978A /* Debug */ = {
			isa = XCBuildConfiguration;
			buildSettings = {
				BUNDLE_LOADER = "$(BUILT_PRODUCTS_DIR)/Metrobot.app/Metrobot";
				FRAMEWORK_SEARCH_PATHS = (
					"$(SDKROOT)/Developer/Library/Frameworks",
					"$(inherited)",
					"$(DEVELOPER_FRAMEWORKS_DIR)",
				);
				GCC_PRECOMPILE_PREFIX_HEADER = YES;
				GCC_PREFIX_HEADER = "Metrobot/Metrobot-Prefix.pch";
				GCC_PREPROCESSOR_DEFINITIONS = (
					"DEBUG=1",
					"$(inherited)",
				);
				INFOPLIST_FILE = "MetrobotTests/MetrobotTests-Info.plist";
				PRODUCT_NAME = "$(TARGET_NAME)";
				TEST_HOST = "$(BUNDLE_LOADER)";
				WRAPPER_EXTENSION = xctest;
			};
			name = Debug;
		};
		CB57BFFF196016440055978A /* Release */ = {
			isa = XCBuildConfiguration;
			buildSettings = {
				BUNDLE_LOADER = "$(BUILT_PRODUCTS_DIR)/Metrobot.app/Metrobot";
				FRAMEWORK_SEARCH_PATHS = (
					"$(SDKROOT)/Developer/Library/Frameworks",
					"$(inherited)",
					"$(DEVELOPER_FRAMEWORKS_DIR)",
				);
				GCC_PRECOMPILE_PREFIX_HEADER = YES;
				GCC_PREFIX_HEADER = "Metrobot/Metrobot-Prefix.pch";
				INFOPLIST_FILE = "MetrobotTests/MetrobotTests-Info.plist";
				PRODUCT_NAME = "$(TARGET_NAME)";
				TEST_HOST = "$(BUNDLE_LOADER)";
				WRAPPER_EXTENSION = xctest;
			};
			name = Release;
		};
		CBEA54A019A12687000DAB33 /* Debug */ = {
			isa = XCBuildConfiguration;
			baseConfigurationReference = 1E7D974A849B4C42BA570F4B /* Pods.xcconfig */;
			buildSettings = {
				ASSETCATALOG_COMPILER_APPICON_NAME = AppIcon;
				ASSETCATALOG_COMPILER_LAUNCHIMAGE_NAME = LaunchImage;
				CODE_SIGN_IDENTITY = "";
				"CODE_SIGN_IDENTITY[sdk=iphoneos*]" = "";
				FRAMEWORK_SEARCH_PATHS = (
					"$(inherited)",
					"$(PROJECT_DIR)",
				);
				GCC_PRECOMPILE_PREFIX_HEADER = YES;
				GCC_PREFIX_HEADER = "Metrobot/Metrobot-Prefix.pch";
				INFOPLIST_FILE = "Metrobot copy-Info.plist";
				PRODUCT_NAME = Metrobot;
				PROVISIONING_PROFILE = "233bed4c-a41b-4c48-a475-2884f149e113";
				WRAPPER_EXTENSION = app;
			};
			name = Debug;
		};
		CBEA54A119A12687000DAB33 /* Release */ = {
			isa = XCBuildConfiguration;
			baseConfigurationReference = 1E7D974A849B4C42BA570F4B /* Pods.xcconfig */;
			buildSettings = {
				ASSETCATALOG_COMPILER_APPICON_NAME = AppIcon;
				ASSETCATALOG_COMPILER_LAUNCHIMAGE_NAME = LaunchImage;
				CODE_SIGN_IDENTITY = "";
				"CODE_SIGN_IDENTITY[sdk=iphoneos*]" = "";
				FRAMEWORK_SEARCH_PATHS = (
					"$(inherited)",
					"$(PROJECT_DIR)",
				);
				GCC_PRECOMPILE_PREFIX_HEADER = YES;
				GCC_PREFIX_HEADER = "Metrobot/Metrobot-Prefix.pch";
				INFOPLIST_FILE = "Metrobot copy-Info.plist";
				PRODUCT_NAME = Metrobot;
				PROVISIONING_PROFILE = "233bed4c-a41b-4c48-a475-2884f149e113";
				WRAPPER_EXTENSION = app;
			};
			name = Release;
		};
/* End XCBuildConfiguration section */

/* Begin XCConfigurationList section */
		CB57BFC3196016440055978A /* Build configuration list for PBXProject "Metrobot" */ = {
			isa = XCConfigurationList;
			buildConfigurations = (
				CB57BFF8196016440055978A /* Debug */,
				CB57BFF9196016440055978A /* Release */,
			);
			defaultConfigurationIsVisible = 0;
			defaultConfigurationName = Release;
		};
		CB57BFFA196016440055978A /* Build configuration list for PBXNativeTarget "Metrobot Production" */ = {
			isa = XCConfigurationList;
			buildConfigurations = (
				CB57BFFB196016440055978A /* Debug */,
				CB57BFFC196016440055978A /* Release */,
			);
			defaultConfigurationIsVisible = 0;
			defaultConfigurationName = Release;
		};
		CB57BFFD196016440055978A /* Build configuration list for PBXNativeTarget "MetrobotTests" */ = {
			isa = XCConfigurationList;
			buildConfigurations = (
				CB57BFFE196016440055978A /* Debug */,
				CB57BFFF196016440055978A /* Release */,
			);
			defaultConfigurationIsVisible = 0;
			defaultConfigurationName = Release;
		};
		CBEA549F19A12687000DAB33 /* Build configuration list for PBXNativeTarget "Metrobot Dev" */ = {
			isa = XCConfigurationList;
			buildConfigurations = (
				CBEA54A019A12687000DAB33 /* Debug */,
				CBEA54A119A12687000DAB33 /* Release */,
			);
			defaultConfigurationIsVisible = 0;
			defaultConfigurationName = Release;
		};
/* End XCConfigurationList section */
	};
	rootObject = CB57BFC0196016440055978A /* Project object */;
}
